
Microsoft Visual Studio Solution File, Format Version 12.00
# Visual Studio Version 17
VisualStudioVersion = 17.6.33815.320
MinimumVisualStudioVersion = 10.0.40219.1
Project("{FAE04EC0-301F-11D3-BF4B-00C04F79EFBC}") = "SınavOrtHesaplama", "SınavOrtHesaplama\SınavOrtHesaplama.csproj", "{D944AB05-198C-402A-A327-6A99E9223AD1}"
EndProject
Global
	GlobalSection(SolutionConfigurationPlatforms) = preSolution
		Debug|Any CPU = Debug|Any CPU
		Release|Any CPU = Release|Any CPU
	EndGlobalSection
	GlobalSection(ProjectConfigurationPlatforms) = postSolution
		{D944AB05-198C-402A-A327-6A99E9223AD1}.Debug|Any CPU.ActiveCfg = Debug|Any CPU
		{D944AB05-198C-402A-A327-6A99E9223AD1}.Debug|Any CPU.Build.0 = Debug|Any CPU
		{D944AB05-198C-402A-A327-6A99E9223AD1}.Release|Any CPU.ActiveCfg = Release|Any CPU
		{D944AB05-198C-402A-A327-6A99E9223AD1}.Release|Any CPU.Build.0 = Release|Any CPU
	EndGlobalSection
	GlobalSection(SolutionProperties) = preSolution
		HideSolutionNode = FALSE
	EndGlobalSection
	GlobalSection(ExtensibilityGlobals) = postSolution
		SolutionGuid = {39EAA81B-2A70-4A36-BF62-3569A31C469D}
	EndGlobalSection
EndGlobal
